// !$*UTF8*$!
{
	archiveVersion = 1;
	classes = {
	};
	objectVersion = 77;
	objects = {

/* Begin PBXBuildFile section */
		0F0D4CC32F566D800086CE5E /* catalog.json in Resources */ = {isa = PBXBuildFile; fileRef = 0F0D4CC22F566D800086CE5E /* catalog.json */; };
		0F0D4CC52F566D850086CE5E /* 01_introduction.json in Resources */ = {isa = PBXBuildFile; fileRef = 0F0D4CC42F566D850086CE5E /* 01_introduction.json */; };
		0F0D4CC92F566D900086CE5E /* 02_registers.json in Resources */ = {isa = PBXBuildFile; fileRef = 0F0D4CC82F566D900086CE5E /* 02_registers.json */; };
		0F0D4CCD2F566D9D0086CE5E /* 10_interfacing_c.json in Resources */ = {isa = PBXBuildFile; fileRef = 0F0D4CCC2F566D9D0086CE5E /* 10_interfacing_c.json */; };
		0F0D4CD12F566DBE0086CE5E /* README.md in Resources */ = {isa = PBXBuildFile; fileRef = 0F0D4CD02F566DBE0086CE5E /* README.md */; };
		0F0D4CD32F566DC20086CE5E /* 03_memory_addressing.json in Resources */ = {isa = PBXBuildFile; fileRef = 0F0D4CD22F566DC20086CE5E /* 03_memory_addressing.json */; };
		0F0D4CD52F566DC60086CE5E /* 04_data_movement.json in Resources */ = {isa = PBXBuildFile; fileRef = 0F0D4CD42F566DC60086CE5E /* 04_data_movement.json */; };
		0F0D4CD72F566DC90086CE5E /* 05_arithmetic.json in Resources */ = {isa = PBXBuildFile; fileRef = 0F0D4CD62F566DC90086CE5E /* 05_arithmetic.json */; };
		0F0D4CD92F566DCC0086CE5E /* 06_logical_ops.json in Resources */ = {isa = PBXBuildFile; fileRef = 0F0D4CD82F566DCC0086CE5E /* 06_logical_ops.json */; };
		0F0D4CDB2F566DD10086CE5E /* 07_branches.json in Resources */ = {isa = PBXBuildFile; fileRef = 0F0D4CDA2F566DD10086CE5E /* 07_branches.json */; };
		0F0D4CDD2F566DD30086CE5E /* 08_stack_functions.json in Resources */ = {isa = PBXBuildFile; fileRef = 0F0D4CDC2F566DD30086CE5E /* 08_stack_functions.json */; };
		0F0D4CDF2F566DD70086CE5E /* 09_simd_neon.json in Resources */ = {isa = PBXBuildFile; fileRef = 0F0D4CDE2F566DD70086CE5E /* 09_simd_neon.json */; };
		0F47D59B2F548A4A009CCA90 /* MemoryState.swift in Sources */ = {isa = PBXBuildFile; fileRef = 0F47D5812F548A4A009CCA90 /* MemoryState.swift */; };
		0F47D59C2F548A4A009CCA90 /* TutorialLoader.swift in Sources */ = {isa = PBXBuildFile; fileRef = 0F47D5922F548A4A009CCA90 /* TutorialLoader.swift */; };
		0F47D59D2F548A4A009CCA90 /* SyntaxHighlighter.swift in Sources */ = {isa = PBXBuildFile; fileRef = 0F47D5912F548A4A009CCA90 /* SyntaxHighlighter.swift */; };
		0F47D5A22F548A4A009CCA90 /* ProcessRunner.swift in Sources */ = {isa = PBXBuildFile; fileRef = 0F47D5902F548A4A009CCA90 /* ProcessRunner.swift */; };
		0F47D5A42F548A4A009CCA90 /* Tutorial.swift in Sources */ = {isa = PBXBuildFile; fileRef = 0F47D5822F548A4A009CCA90 /* Tutorial.swift */; };
		0F47D5A62F548A4A009CCA90 /* 06_logical_ops.md in Resources */ = {isa = PBXBuildFile; fileRef = 0F47D5892F548A4A009CCA90 /* 06_logical_ops.md */; };
		0F47D5A72F548A4A009CCA90 /* 10_interfacing_c.md in Resources */ = {isa = PBXBuildFile; fileRef = 0F47D58D2F548A4A009CCA90 /* 10_interfacing_c.md */; };
		0F47D5A82F548A4A009CCA90 /* 02_registers.md in Resources */ = {isa = PBXBuildFile; fileRef = 0F47D5852F548A4A009CCA90 /* 02_registers.md */; };
		0F47D5A92F548A4A009CCA90 /* 03_memory_addressing.md in Resources */ = {isa = PBXBuildFile; fileRef = 0F47D5862F548A4A009CCA90 /* 03_memory_addressing.md */; };
		0F47D5AA2F548A4A009CCA90 /* 07_branches.md in Resources */ = {isa = PBXBuildFile; fileRef = 0F47D58A2F548A4A009CCA90 /* 07_branches.md */; };
		0F47D5AB2F548A4A009CCA90 /* 08_stack_functions.md in Resources */ = {isa = PBXBuildFile; fileRef = 0F47D58B2F548A4A009CCA90 /* 08_stack_functions.md */; };
		0F47D5AC2F548A4A009CCA90 /* 04_data_movement.md in Resources */ = {isa = PBXBuildFile; fileRef = 0F47D5872F548A4A009CCA90 /* 04_data_movement.md */; };
		0F47D5AD2F548A4A009CCA90 /* 05_arithmetic.md in Resources */ = {isa = PBXBuildFile; fileRef = 0F47D5882F548A4A009CCA90 /* 05_arithmetic.md */; };
		0F47D5AE2F548A4A009CCA90 /* 09_simd_neon.md in Resources */ = {isa = PBXBuildFile; fileRef = 0F47D58C2F548A4A009CCA90 /* 09_simd_neon.md */; };
		0F47D5AF2F548A4A009CCA90 /* 01_introduction.md in Resources */ = {isa = PBXBuildFile; fileRef = 0F47D5842F548A4A009CCA90 /* 01_introduction.md */; };
/* End PBXBuildFile section */

/* Begin PBXContainerItemProxy section */
		0F47D5592F54897D009CCA90 /* PBXContainerItemProxy */ = {
			isa = PBXContainerItemProxy;
			containerPortal = 0F47D5432F54897B009CCA90 /* Project object */;
			proxyType = 1;
			remoteGlobalIDString = 0F47D54A2F54897B009CCA90;
			remoteInfo = ARM64Learn;
		};
		0F47D5632F54897D009CCA90 /* PBXContainerItemProxy */ = {
			isa = PBXContainerItemProxy;
			containerPortal = 0F47D5432F54897B009CCA90 /* Project object */;
			proxyType = 1;
			remoteGlobalIDString = 0F47D54A2F54897B009CCA90;
			remoteInfo = ARM64Learn;
		};
/* End PBXContainerItemProxy section */

/* Begin PBXFileReference section */
		0F0D4CC22F566D800086CE5E /* catalog.json */ = {isa = PBXFileReference; lastKnownFileType = text.json; path = catalog.json; sourceTree = "<group>"; };
		0F0D4CC42F566D850086CE5E /* 01_introduction.json */ = {isa = PBXFileReference; lastKnownFileType = text.json; path = 01_introduction.json; sourceTree = "<group>"; };
		0F0D4CC62F566D8C0086CE5E /* 01_introduction.s */ = {isa = PBXFileReference; lastKnownFileType = sourcecode.asm; path = 01_introduction.s; sourceTree = "<group>"; };
		0F0D4CC82F566D900086CE5E /* 02_registers.json */ = {isa = PBXFileReference; lastKnownFileType = text.json; path = 02_registers.json; sourceTree = "<group>"; };
		0F0D4CCA2F566D990086CE5E /* 02_registers.s */ = {isa = PBXFileReference; lastKnownFileType = sourcecode.asm; path = 02_registers.s; sourceTree = "<group>"; };
		0F0D4CCC2F566D9D0086CE5E /* 10_interfacing_c.json */ = {isa = PBXFileReference; lastKnownFileType = text.json; path = 10_interfacing_c.json; sourceTree = "<group>"; };
		0F0D4CCE2F566DA60086CE5E /* 10_interfacing_c.c */ = {isa = PBXFileReference; lastKnownFileType = sourcecode.c.c; path = 10_interfacing_c.c; sourceTree = "<group>"; };
		0F0D4CD02F566DBE0086CE5E /* README.md */ = {isa = PBXFileReference; lastKnownFileType = net.daringfireball.markdown; path = README.md; sourceTree = "<group>"; };
		0F0D4CD22F566DC20086CE5E /* 03_memory_addressing.json */ = {isa = PBXFileReference; lastKnownFileType = text.json; path = 03_memory_addressing.json; sourceTree = "<group>"; };
		0F0D4CD42F566DC60086CE5E /* 04_data_movement.json */ = {isa = PBXFileReference; lastKnownFileType = text.json; path = 04_data_movement.json; sourceTree = "<group>"; };
		0F0D4CD62F566DC90086CE5E /* 05_arithmetic.json */ = {isa = PBXFileReference; lastKnownFileType = text.json; path = 05_arithmetic.json; sourceTree = "<group>"; };
		0F0D4CD82F566DCC0086CE5E /* 06_logical_ops.json */ = {isa = PBXFileReference; lastKnownFileType = text.json; path = 06_logical_ops.json; sourceTree = "<group>"; };
		0F0D4CDA2F566DD10086CE5E /* 07_branches.json */ = {isa = PBXFileReference; lastKnownFileType = text.json; path = 07_branches.json; sourceTree = "<group>"; };
		0F0D4CDC2F566DD30086CE5E /* 08_stack_functions.json */ = {isa = PBXFileReference; lastKnownFileType = text.json; path = 08_stack_functions.json; sourceTree = "<group>"; };
		0F0D4CDE2F566DD70086CE5E /* 09_simd_neon.json */ = {isa = PBXFileReference; lastKnownFileType = text.json; path = 09_simd_neon.json; sourceTree = "<group>"; };
		0F0D4CE22F566E200086CE5E /* 03_memory_addressing.s */ = {isa = PBXFileReference; lastKnownFileType = sourcecode.asm; path = 03_memory_addressing.s; sourceTree = "<group>"; };
		0F0D4CE42F566E270086CE5E /* 04_data_movement.s */ = {isa = PBXFileReference; lastKnownFileType = sourcecode.asm; path = 04_data_movement.s; sourceTree = "<group>"; };
		0F0D4CE62F566E2D0086CE5E /* 05_arithmetic.s */ = {isa = PBXFileReference; lastKnownFileType = sourcecode.asm; path = 05_arithmetic.s; sourceTree = "<group>"; };
		0F0D4CE82F566E360086CE5E /* 06_logical_ops.s */ = {isa = PBXFileReference; lastKnownFileType = sourcecode.asm; path = 06_logical_ops.s; sourceTree = "<group>"; };
		0F0D4CEA2F566E400086CE5E /* 07_branches.s */ = {isa = PBXFileReference; lastKnownFileType = sourcecode.asm; path = 07_branches.s; sourceTree = "<group>"; };
		0F0D4CEC2F566E4C0086CE5E /* 08_stack_functions.s */ = {isa = PBXFileReference; lastKnownFileType = sourcecode.asm; path = 08_stack_functions.s; sourceTree = "<group>"; };
		0F0D4CEE2F566E570086CE5E /* 09_simd_neon.s */ = {isa = PBXFileReference; lastKnownFileType = sourcecode.asm; path = 09_simd_neon.s; sourceTree = "<group>"; };
		0F47D54B2F54897B009CCA90 /* ARM64Learn.app */ = {isa = PBXFileReference; explicitFileType = wrapper.application; includeInIndex = 0; path = ARM64Learn.app; sourceTree = BUILT_PRODUCTS_DIR; };
		0F47D5582F54897D009CCA90 /* ARM64LearnTests.xctest */ = {isa = PBXFileReference; explicitFileType = wrapper.cfbundle; includeInIndex = 0; path = ARM64LearnTests.xctest; sourceTree = BUILT_PRODUCTS_DIR; };
		0F47D5622F54897D009CCA90 /* ARM64LearnUITests.xctest */ = {isa = PBXFileReference; explicitFileType = wrapper.cfbundle; includeInIndex = 0; path = ARM64LearnUITests.xctest; sourceTree = BUILT_PRODUCTS_DIR; };
		0F47D5812F548A4A009CCA90 /* MemoryState.swift */ = {isa = PBXFileReference; lastKnownFileType = sourcecode.swift; path = MemoryState.swift; sourceTree = "<group>"; };
		0F47D5822F548A4A009CCA90 /* Tutorial.swift */ = {isa = PBXFileReference; lastKnownFileType = sourcecode.swift; path = Tutorial.swift; sourceTree = "<group>"; };
		0F47D5842F548A4A009CCA90 /* 01_introduction.md */ = {isa = PBXFileReference; lastKnownFileType = net.daringfireball.markdown; path = 01_introduction.md; sourceTree = "<group>"; };
		0F47D5852F548A4A009CCA90 /* 02_registers.md */ = {isa = PBXFileReference; lastKnownFileType = net.daringfireball.markdown; path = 02_registers.md; sourceTree = "<group>"; };
		0F47D5862F548A4A009CCA90 /* 03_memory_addressing.md */ = {isa = PBXFileReference; lastKnownFileType = net.daringfireball.markdown; path = 03_memory_addressing.md; sourceTree = "<group>"; };
		0F47D5872F548A4A009CCA90 /* 04_data_movement.md */ = {isa = PBXFileReference; lastKnownFileType = net.daringfireball.markdown; path = 04_data_movement.md; sourceTree = "<group>"; };
		0F47D5882F548A4A009CCA90 /* 05_arithmetic.md */ = {isa = PBXFileReference; lastKnownFileType = net.daringfireball.markdown; path = 05_arithmetic.md; sourceTree = "<group>"; };
		0F47D5892F548A4A009CCA90 /* 06_logical_ops.md */ = {isa = PBXFileReference; lastKnownFileType = net.daringfireball.markdown; path = 06_logical_ops.md; sourceTree = "<group>"; };
		0F47D58A2F548A4A009CCA90 /* 07_branches.md */ = {isa = PBXFileReference; lastKnownFileType = net.daringfireball.markdown; path = 07_branches.md; sourceTree = "<group>"; };
		0F47D58B2F548A4A009CCA90 /* 08_stack_functions.md */ = {isa = PBXFileReference; lastKnownFileType = net.daringfireball.markdown; path = 08_stack_functions.md; sourceTree = "<group>"; };
		0F47D58C2F548A4A009CCA90 /* 09_simd_neon.md */ = {isa = PBXFileReference; lastKnownFileType = net.daringfireball.markdown; path = 09_simd_neon.md; sourceTree = "<group>"; };
		0F47D58D2F548A4A009CCA90 /* 10_interfacing_c.md */ = {isa = PBXFileReference; lastKnownFileType = net.daringfireball.markdown; path = 10_interfacing_c.md; sourceTree = "<group>"; };
		0F47D5902F548A4A009CCA90 /* ProcessRunner.swift */ = {isa = PBXFileReference; lastKnownFileType = sourcecode.swift; path = ProcessRunner.swift; sourceTree = "<group>"; };
		0F47D5912F548A4A009CCA90 /* SyntaxHighlighter.swift */ = {isa = PBXFileReference; lastKnownFileType = sourcecode.swift; path = SyntaxHighlighter.swift; sourceTree = "<group>"; };
		0F47D5922F548A4A009CCA90 /* TutorialLoader.swift */ = {isa = PBXFileReference; lastKnownFileType = sourcecode.swift; path = TutorialLoader.swift; sourceTree = "<group>"; };
/* End PBXFileReference section */

/* Begin PBXFileSystemSynchronizedRootGroup section */
		0F0D4CBA2F5668A70086CE5E /* BottomPanel */ = {
			isa = PBXFileSystemSynchronizedRootGroup;
			path = BottomPanel;
			sourceTree = "<group>";
		};
		0F0D4CBC2F5668F70086CE5E /* Workspace */ = {
			isa = PBXFileSystemSynchronizedRootGroup;
			path = Workspace;
			sourceTree = "<group>";
		};
		0F0D4CBD2F5669370086CE5E /* Registers */ = {
			isa = PBXFileSystemSynchronizedRootGroup;
			path = Registers;
			sourceTree = "<group>";
		};
		0F0D4CF42F5673970086CE5E /* docs */ = {
			isa = PBXFileSystemSynchronizedRootGroup;
			path = docs;
			sourceTree = "<group>";
		};
		0F47D54D2F54897B009CCA90 /* ARM64Learn */ = {
			isa = PBXFileSystemSynchronizedRootGroup;
			path = ARM64Learn;
			sourceTree = "<group>";
		};
		0F47D55B2F54897D009CCA90 /* ARM64LearnTests */ = {
			isa = PBXFileSystemSynchronizedRootGroup;
			path = ARM64LearnTests;
			sourceTree = "<group>";
		};
		0F47D5652F54897D009CCA90 /* ARM64LearnUITests */ = {
			isa = PBXFileSystemSynchronizedRootGroup;
			path = ARM64LearnUITests;
			sourceTree = "<group>";
		};
/* End PBXFileSystemSynchronizedRootGroup section */

/* Begin PBXFrameworksBuildPhase section */
		0F47D5482F54897B009CCA90 /* Frameworks */ = {
			isa = PBXFrameworksBuildPhase;
			buildActionMask = 2147483647;
			files = (
			);
			runOnlyForDeploymentPostprocessing = 0;
		};
		0F47D5552F54897D009CCA90 /* Frameworks */ = {
			isa = PBXFrameworksBuildPhase;
			buildActionMask = 2147483647;
			files = (
			);
			runOnlyForDeploymentPostprocessing = 0;
		};
		0F47D55F2F54897D009CCA90 /* Frameworks */ = {
			isa = PBXFrameworksBuildPhase;
			buildActionMask = 2147483647;
			files = (
			);
			runOnlyForDeploymentPostprocessing = 0;
		};
/* End PBXFrameworksBuildPhase section */

/* Begin PBXGroup section */
		0F47D5422F54897B009CCA90 = {
			isa = PBXGroup;
			children = (
				0F0D4CF42F5673970086CE5E /* docs */,
				0F47D5832F548A4A009CCA90 /* Models */,
				0F47D58F2F548A4A009CCA90 /* Resources */,
				0F47D5932F548A4A009CCA90 /* Services */,
				0F47D59A2F548A4A009CCA90 /* Views */,
				0F47D54D2F54897B009CCA90 /* ARM64Learn */,
				0F47D55B2F54897D009CCA90 /* ARM64LearnTests */,
				0F47D5652F54897D009CCA90 /* ARM64LearnUITests */,
				0F47D54C2F54897B009CCA90 /* Products */,
			);
			sourceTree = "<group>";
		};
		0F47D54C2F54897B009CCA90 /* Products */ = {
			isa = PBXGroup;
			children = (
				0F47D54B2F54897B009CCA90 /* ARM64Learn.app */,
				0F47D5582F54897D009CCA90 /* ARM64LearnTests.xctest */,
				0F47D5622F54897D009CCA90 /* ARM64LearnUITests.xctest */,
			);
			name = Products;
			sourceTree = "<group>";
		};
		0F47D5832F548A4A009CCA90 /* Models */ = {
			isa = PBXGroup;
			children = (
				0F47D5812F548A4A009CCA90 /* MemoryState.swift */,
				0F47D5822F548A4A009CCA90 /* Tutorial.swift */,
			);
			path = Models;
			sourceTree = "<group>";
		};
		0F47D58E2F548A4A009CCA90 /* Tutorials */ = {
			isa = PBXGroup;
			children = (
				0F0D4CC42F566D850086CE5E /* 01_introduction.json */,
				0F0D4CC62F566D8C0086CE5E /* 01_introduction.s */,
				0F0D4CC82F566D900086CE5E /* 02_registers.json */,
				0F0D4CCA2F566D990086CE5E /* 02_registers.s */,
				0F0D4CD22F566DC20086CE5E /* 03_memory_addressing.json */,
				0F0D4CE22F566E200086CE5E /* 03_memory_addressing.s */,
				0F0D4CD42F566DC60086CE5E /* 04_data_movement.json */,
				0F0D4CE42F566E270086CE5E /* 04_data_movement.s */,
				0F0D4CD62F566DC90086CE5E /* 05_arithmetic.json */,
				0F0D4CE62F566E2D0086CE5E /* 05_arithmetic.s */,
				0F0D4CD82F566DCC0086CE5E /* 06_logical_ops.json */,
				0F0D4CE82F566E360086CE5E /* 06_logical_ops.s */,
				0F0D4CDA2F566DD10086CE5E /* 07_branches.json */,
				0F0D4CEA2F566E400086CE5E /* 07_branches.s */,
				0F0D4CDC2F566DD30086CE5E /* 08_stack_functions.json */,
				0F0D4CEC2F566E4C0086CE5E /* 08_stack_functions.s */,
				0F0D4CDE2F566DD70086CE5E /* 09_simd_neon.json */,
				0F0D4CEE2F566E570086CE5E /* 09_simd_neon.s */,
				0F0D4CCE2F566DA60086CE5E /* 10_interfacing_c.c */,
				0F0D4CCC2F566D9D0086CE5E /* 10_interfacing_c.json */,
				0F0D4CC22F566D800086CE5E /* catalog.json */,
				0F0D4CD02F566DBE0086CE5E /* README.md */,
				0F47D5842F548A4A009CCA90 /* 01_introduction.md */,
				0F47D5852F548A4A009CCA90 /* 02_registers.md */,
				0F47D5862F548A4A009CCA90 /* 03_memory_addressing.md */,
				0F47D5872F548A4A009CCA90 /* 04_data_movement.md */,
				0F47D5882F548A4A009CCA90 /* 05_arithmetic.md */,
				0F47D5892F548A4A009CCA90 /* 06_logical_ops.md */,
				0F47D58A2F548A4A009CCA90 /* 07_branches.md */,
				0F47D58B2F548A4A009CCA90 /* 08_stack_functions.md */,
				0F47D58C2F548A4A009CCA90 /* 09_simd_neon.md */,
				0F47D58D2F548A4A009CCA90 /* 10_interfacing_c.md */,
			);
			path = Tutorials;
			sourceTree = "<group>";
		};
		0F47D58F2F548A4A009CCA90 /* Resources */ = {
			isa = PBXGroup;
			children = (
				0F47D58E2F548A4A009CCA90 /* Tutorials */,
			);
			path = Resources;
			sourceTree = "<group>";
		};
		0F47D5932F548A4A009CCA90 /* Services */ = {
			isa = PBXGroup;
			children = (
				0F47D5902F548A4A009CCA90 /* ProcessRunner.swift */,
				0F47D5912F548A4A009CCA90 /* SyntaxHighlighter.swift */,
				0F47D5922F548A4A009CCA90 /* TutorialLoader.swift */,
			);
			path = Services;
			sourceTree = "<group>";
		};
		0F47D59A2F548A4A009CCA90 /* Views */ = {
			isa = PBXGroup;
			children = (
				0F0D4CBA2F5668A70086CE5E /* BottomPanel */,
				0F0D4CBC2F5668F70086CE5E /* Workspace */,
				0F0D4CBD2F5669370086CE5E /* Registers */,
			);
			path = Views;
			sourceTree = "<group>";
		};
/* End PBXGroup section */

/* Begin PBXNativeTarget section */
		0F47D54A2F54897B009CCA90 /* ARM64Learn */ = {
			isa = PBXNativeTarget;
			buildConfigurationList = 0F47D56C2F54897D009CCA90 /* Build configuration list for PBXNativeTarget "ARM64Learn" */;
			buildPhases = (
				0F47D5472F54897B009CCA90 /* Sources */,
				0F47D5482F54897B009CCA90 /* Frameworks */,
				0F47D5492F54897B009CCA90 /* Resources */,
			);
			buildRules = (
			);
			dependencies = (
			);
			fileSystemSynchronizedGroups = (
				0F0D4CBA2F5668A70086CE5E /* BottomPanel */,
				0F0D4CBC2F5668F70086CE5E /* Workspace */,
				0F0D4CBD2F5669370086CE5E /* Registers */,
				0F0D4CF42F5673970086CE5E /* docs */,
				0F47D54D2F54897B009CCA90 /* ARM64Learn */,
			);
			name = ARM64Learn;
			packageProductDependencies = (
			);
			productName = ARM64Learn;
			productReference = 0F47D54B2F54897B009CCA90 /* ARM64Learn.app */;
			productType = "com.apple.product-type.application";
		};
		0F47D5572F54897D009CCA90 /* ARM64LearnTests */ = {
			isa = PBXNativeTarget;
			buildConfigurationList = 0F47D56F2F54897D009CCA90 /* Build configuration list for PBXNativeTarget "ARM64LearnTests" */;
			buildPhases = (
				0F47D5542F54897D009CCA90 /* Sources */,
				0F47D5552F54897D009CCA90 /* Frameworks */,
				0F47D5562F54897D009CCA90 /* Resources */,
			);
			buildRules = (
			);
			dependencies = (
				0F47D55A2F54897D009CCA90 /* PBXTargetDependency */,
			);
			fileSystemSynchronizedGroups = (
				0F47D55B2F54897D009CCA90 /* ARM64LearnTests */,
			);
			name = ARM64LearnTests;
			packageProductDependencies = (
			);
			productName = ARM64LearnTests;
			productReference = 0F47D5582F54897D009CCA90 /* ARM64LearnTests.xctest */;
			productType = "com.apple.product-type.bundle.unit-test";
		};
		0F47D5612F54897D009CCA90 /* ARM64LearnUITests */ = {
			isa = PBXNativeTarget;
			buildConfigurationList = 0F47D5722F54897D009CCA90 /* Build configuration list for PBXNativeTarget "ARM64LearnUITests" */;
			buildPhases = (
				0F47D55E2F54897D009CCA90 /* Sources */,
				0F47D55F2F54897D009CCA90 /* Frameworks */,
				0F47D5602F54897D009CCA90 /* Resources */,
			);
			buildRules = (
			);
			dependencies = (
				0F47D5642F54897D009CCA90 /* PBXTargetDependency */,
			);
			fileSystemSynchronizedGroups = (
				0F47D5652F54897D009CCA90 /* ARM64LearnUITests */,
			);
			name = ARM64LearnUITests;
			packageProductDependencies = (
			);
			productName = ARM64LearnUITests;
			productReference = 0F47D5622F54897D009CCA90 /* ARM64LearnUITests.xctest */;
			productType = "com.apple.product-type.bundle.ui-testing";
		};
/* End PBXNativeTarget section */

/* Begin PBXProject section */
		0F47D5432F54897B009CCA90 /* Project object */ = {
			isa = PBXProject;
			attributes = {
				BuildIndependentTargetsInParallel = 1;
				LastSwiftUpdateCheck = 2630;
				LastUpgradeCheck = 2640;
				TargetAttributes = {
					0F47D54A2F54897B009CCA90 = {
						CreatedOnToolsVersion = 26.3;
					};
					0F47D5572F54897D009CCA90 = {
						CreatedOnToolsVersion = 26.3;
						TestTargetID = 0F47D54A2F54897B009CCA90;
					};
					0F47D5612F54897D009CCA90 = {
						CreatedOnToolsVersion = 26.3;
						TestTargetID = 0F47D54A2F54897B009CCA90;
					};
				};
			};
			buildConfigurationList = 0F47D5462F54897B009CCA90 /* Build configuration list for PBXProject "ARM64Learn" */;
			developmentRegion = en;
			hasScannedForEncodings = 0;
			knownRegions = (
				en,
				Base,
			);
			mainGroup = 0F47D5422F54897B009CCA90;
			minimizedProjectReferenceProxies = 1;
			preferredProjectObjectVersion = 77;
			productRefGroup = 0F47D54C2F54897B009CCA90 /* Products */;
			projectDirPath = "";
			projectRoot = "";
			targets = (
				0F47D54A2F54897B009CCA90 /* ARM64Learn */,
				0F47D5572F54897D009CCA90 /* ARM64LearnTests */,
				0F47D5612F54897D009CCA90 /* ARM64LearnUITests */,
			);
		};
/* End PBXProject section */

/* Begin PBXResourcesBuildPhase section */
		0F47D5492F54897B009CCA90 /* Resources */ = {
			isa = PBXResourcesBuildPhase;
			buildActionMask = 2147483647;
			files = (
				0F0D4CC52F566D850086CE5E /* 01_introduction.json in Resources */,
				0F0D4CDF2F566DD70086CE5E /* 09_simd_neon.json in Resources */,
				0F0D4CD32F566DC20086CE5E /* 03_memory_addressing.json in Resources */,
				0F0D4CD12F566DBE0086CE5E /* README.md in Resources */,
				0F47D5A62F548A4A009CCA90 /* 06_logical_ops.md in Resources */,
				0F47D5A72F548A4A009CCA90 /* 10_interfacing_c.md in Resources */,
				0F47D5A82F548A4A009CCA90 /* 02_registers.md in Resources */,
				0F47D5A92F548A4A009CCA90 /* 03_memory_addressing.md in Resources */,
				0F0D4CD52F566DC60086CE5E /* 04_data_movement.json in Resources */,
				0F47D5AA2F548A4A009CCA90 /* 07_branches.md in Resources */,
				0F47D5AB2F548A4A009CCA90 /* 08_stack_functions.md in Resources */,
				0F47D5AC2F548A4A009CCA90 /* 04_data_movement.md in Resources */,
				0F47D5AD2F548A4A009CCA90 /* 05_arithmetic.md in Resources */,
				0F47D5AE2F548A4A009CCA90 /* 09_simd_neon.md in Resources */,
				0F47D5AF2F548A4A009CCA90 /* 01_introduction.md in Resources */,
				0F0D4CDB2F566DD10086CE5E /* 07_branches.json in Resources */,
				0F0D4CD72F566DC90086CE5E /* 05_arithmetic.json in Resources */,
				0F0D4CDD2F566DD30086CE5E /* 08_stack_functions.json in Resources */,
				0F0D4CCD2F566D9D0086CE5E /* 10_interfacing_c.json in Resources */,
				0F0D4CD92F566DCC0086CE5E /* 06_logical_ops.json in Resources */,
				0F0D4CC92F566D900086CE5E /* 02_registers.json in Resources */,
				0F0D4CC32F566D800086CE5E /* catalog.json in Resources */,
			);
			runOnlyForDeploymentPostprocessing = 0;
		};
		0F47D5562F54897D009CCA90 /* Resources */ = {
			isa = PBXResourcesBuildPhase;
			buildActionMask = 2147483647;
			files = (
			);
			runOnlyForDeploymentPostprocessing = 0;
		};
		0F47D5602F54897D009CCA90 /* Resources */ = {
			isa = PBXResourcesBuildPhase;
			buildActionMask = 2147483647;
			files = (
			);
			runOnlyForDeploymentPostprocessing = 0;
		};
/* End PBXResourcesBuildPhase section */

/* Begin PBXSourcesBuildPhase section */
		0F47D5472F54897B009CCA90 /* Sources */ = {
			isa = PBXSourcesBuildPhase;
			buildActionMask = 2147483647;
			files = (
				0F47D59B2F548A4A009CCA90 /* MemoryState.swift in Sources */,
				0F47D59C2F548A4A009CCA90 /* TutorialLoader.swift in Sources */,
				0F47D59D2F548A4A009CCA90 /* SyntaxHighlighter.swift in Sources */,
				0F47D5A22F548A4A009CCA90 /* ProcessRunner.swift in Sources */,
				0F47D5A42F548A4A009CCA90 /* Tutorial.swift in Sources */,
			);
			runOnlyForDeploymentPostprocessing = 0;
		};
		0F47D5542F54897D009CCA90 /* Sources */ = {
			isa = PBXSourcesBuildPhase;
			buildActionMask = 2147483647;
			files = (
			);
			runOnlyForDeploymentPostprocessing = 0;
		};
		0F47D55E2F54897D009CCA90 /* Sources */ = {
			isa = PBXSourcesBuildPhase;
			buildActionMask = 2147483647;
			files = (
			);
			runOnlyForDeploymentPostprocessing = 0;
		};
/* End PBXSourcesBuildPhase section */

/* Begin PBXTargetDependency section */
		0F47D55A2F54897D009CCA90 /* PBXTargetDependency */ = {
			isa = PBXTargetDependency;
			target = 0F47D54A2F54897B009CCA90 /* ARM64Learn */;
			targetProxy = 0F47D5592F54897D009CCA90 /* PBXContainerItemProxy */;
		};
		0F47D5642F54897D009CCA90 /* PBXTargetDependency */ = {
			isa = PBXTargetDependency;
			target = 0F47D54A2F54897B009CCA90 /* ARM64Learn */;
			targetProxy = 0F47D5632F54897D009CCA90 /* PBXContainerItemProxy */;
		};
/* End PBXTargetDependency section */

/* Begin XCBuildConfiguration section */
		0F47D56A2F54897D009CCA90 /* Debug */ = {
			isa = XCBuildConfiguration;
			buildSettings = {
				ALWAYS_SEARCH_USER_PATHS = NO;
				ASSETCATALOG_COMPILER_GENERATE_SWIFT_ASSET_SYMBOL_EXTENSIONS = YES;
				CLANG_ANALYZER_NONNULL = YES;
				CLANG_ANALYZER_NUMBER_OBJECT_CONVERSION = YES_AGGRESSIVE;
				CLANG_CXX_LANGUAGE_STANDARD = "gnu++20";
				CLANG_ENABLE_MODULES = YES;
				CLANG_ENABLE_OBJC_ARC = YES;
				CLANG_ENABLE_OBJC_WEAK = YES;
				CLANG_WARN_BLOCK_CAPTURE_AUTORELEASING = YES;
				CLANG_WARN_BOOL_CONVERSION = YES;
				CLANG_WARN_COMMA = YES;
				CLANG_WARN_CONSTANT_CONVERSION = YES;
				CLANG_WARN_DEPRECATED_OBJC_IMPLEMENTATIONS = YES;
				CLANG_WARN_DIRECT_OBJC_ISA_USAGE = YES_ERROR;
				CLANG_WARN_DOCUMENTATION_COMMENTS = YES;
				CLANG_WARN_EMPTY_BODY = YES;
				CLANG_WARN_ENUM_CONVERSION = YES;
				CLANG_WARN_INFINITE_RECURSION = YES;
				CLANG_WARN_INT_CONVERSION = YES;
				CLANG_WARN_NON_LITERAL_NULL_CONVERSION = YES;
				CLANG_WARN_OBJC_IMPLICIT_RETAIN_SELF = YES;
				CLANG_WARN_OBJC_LITERAL_CONVERSION = YES;
				CLANG_WARN_OBJC_ROOT_CLASS = YES_ERROR;
				CLANG_WARN_QUOTED_INCLUDE_IN_FRAMEWORK_HEADER = YES;
				CLANG_WARN_RANGE_LOOP_ANALYSIS = YES;
				CLANG_WARN_STRICT_PROTOTYPES = YES;
				CLANG_WARN_SUSPICIOUS_MOVE = YES;
				CLANG_WARN_UNGUARDED_AVAILABILITY = YES_AGGRESSIVE;
				CLANG_WARN_UNREACHABLE_CODE = YES;
				CLANG_WARN__DUPLICATE_METHOD_MATCH = YES;
				COPY_PHASE_STRIP = NO;
				DEAD_CODE_STRIPPING = YES;
				DEBUG_INFORMATION_FORMAT = dwarf;
				DEVELOPMENT_TEAM = 4EZ6XC7E3E;
				ENABLE_STRICT_OBJC_MSGSEND = YES;
				ENABLE_TESTABILITY = YES;
				ENABLE_USER_SCRIPT_SANDBOXING = YES;
				GCC_C_LANGUAGE_STANDARD = gnu17;
				GCC_DYNAMIC_NO_PIC = NO;
				GCC_NO_COMMON_BLOCKS = YES;
				GCC_OPTIMIZATION_LEVEL = 0;
				GCC_PREPROCESSOR_DEFINITIONS = (
					"DEBUG=1",
					"$(inherited)",
				);
				GCC_WARN_64_TO_32_BIT_CONVERSION = YES;
				GCC_WARN_ABOUT_RETURN_TYPE = YES_ERROR;
				GCC_WARN_UNDECLARED_SELECTOR = YES;
				GCC_WARN_UNINITIALIZED_AUTOS = YES_AGGRESSIVE;
				GCC_WARN_UNUSED_FUNCTION = YES;
				GCC_WARN_UNUSED_VARIABLE = YES;
				LOCALIZATION_PREFERS_STRING_CATALOGS = YES;
				MACOSX_DEPLOYMENT_TARGET = 26.2;
				MTL_ENABLE_DEBUG_INFO = INCLUDE_SOURCE;
				MTL_FAST_MATH = YES;
				ONLY_ACTIVE_ARCH = YES;
				SDKROOT = macosx;
				STRING_CATALOG_GENERATE_SYMBOLS = YES;
				SWIFT_ACTIVE_COMPILATION_CONDITIONS = "DEBUG $(inherited)";
				SWIFT_OPTIMIZATION_LEVEL = "-Onone";
			};
			name = Debug;
		};
		0F47D56B2F54897D009CCA90 /* Release */ = {
			isa = XCBuildConfiguration;
			buildSettings = {
				ALWAYS_SEARCH_USER_PATHS = NO;
				ASSETCATALOG_COMPILER_GENERATE_SWIFT_ASSET_SYMBOL_EXTENSIONS = YES;
				CLANG_ANALYZER_NONNULL = YES;
				CLANG_ANALYZER_NUMBER_OBJECT_CONVERSION = YES_AGGRESSIVE;
				CLANG_CXX_LANGUAGE_STANDARD = "gnu++20";
				CLANG_ENABLE_MODULES = YES;
				CLANG_ENABLE_OBJC_ARC = YES;
				CLANG_ENABLE_OBJC_WEAK = YES;
				CLANG_WARN_BLOCK_CAPTURE_AUTORELEASING = YES;
				CLANG_WARN_BOOL_CONVERSION = YES;
				CLANG_WARN_COMMA = YES;
				CLANG_WARN_CONSTANT_CONVERSION = YES;
				CLANG_WARN_DEPRECATED_OBJC_IMPLEMENTATIONS = YES;
				CLANG_WARN_DIRECT_OBJC_ISA_USAGE = YES_ERROR;
				CLANG_WARN_DOCUMENTATION_COMMENTS = YES;
				CLANG_WARN_EMPTY_BODY = YES;
				CLANG_WARN_ENUM_CONVERSION = YES;
				CLANG_WARN_INFINITE_RECURSION = YES;
				CLANG_WARN_INT_CONVERSION = YES;
				CLANG_WARN_NON_LITERAL_NULL_CONVERSION = YES;
				CLANG_WARN_OBJC_IMPLICIT_RETAIN_SELF = YES;
				CLANG_WARN_OBJC_LITERAL_CONVERSION = YES;
				CLANG_WARN_OBJC_ROOT_CLASS = YES_ERROR;
				CLANG_WARN_QUOTED_INCLUDE_IN_FRAMEWORK_HEADER = YES;
				CLANG_WARN_RANGE_LOOP_ANALYSIS = YES;
				CLANG_WARN_STRICT_PROTOTYPES = YES;
				CLANG_WARN_SUSPICIOUS_MOVE = YES;
				CLANG_WARN_UNGUARDED_AVAILABILITY = YES_AGGRESSIVE;
				CLANG_WARN_UNREACHABLE_CODE = YES;
				CLANG_WARN__DUPLICATE_METHOD_MATCH = YES;
				COPY_PHASE_STRIP = NO;
				DEAD_CODE_STRIPPING = YES;
				DEBUG_INFORMATION_FORMAT = "dwarf-with-dsym";
				DEVELOPMENT_TEAM = 4EZ6XC7E3E;
				ENABLE_NS_ASSERTIONS = NO;
				ENABLE_STRICT_OBJC_MSGSEND = YES;
				ENABLE_USER_SCRIPT_SANDBOXING = YES;
				GCC_C_LANGUAGE_STANDARD = gnu17;
				GCC_NO_COMMON_BLOCKS = YES;
				GCC_WARN_64_TO_32_BIT_CONVERSION = YES;
				GCC_WARN_ABOUT_RETURN_TYPE = YES_ERROR;
				GCC_WARN_UNDECLARED_SELECTOR = YES;
				GCC_WARN_UNINITIALIZED_AUTOS = YES_AGGRESSIVE;
				GCC_WARN_UNUSED_FUNCTION = YES;
				GCC_WARN_UNUSED_VARIABLE = YES;
				LOCALIZATION_PREFERS_STRING_CATALOGS = YES;
				MACOSX_DEPLOYMENT_TARGET = 26.2;
				MTL_ENABLE_DEBUG_INFO = NO;
				MTL_FAST_MATH = YES;
				SDKROOT = macosx;
				STRING_CATALOG_GENERATE_SYMBOLS = YES;
				SWIFT_COMPILATION_MODE = wholemodule;
			};
			name = Release;
		};
		0F47D56D2F54897D009CCA90 /* Debug */ = {
			isa = XCBuildConfiguration;
			buildSettings = {
				ASSETCATALOG_COMPILER_APPICON_NAME = AppIcon;
				ASSETCATALOG_COMPILER_GLOBAL_ACCENT_COLOR_NAME = AccentColor;
				CODE_SIGN_STYLE = Automatic;
				COMBINE_HIDPI_IMAGES = YES;
				CURRENT_PROJECT_VERSION = 1;
				DEAD_CODE_STRIPPING = YES;
				DEVELOPMENT_TEAM = 4EZ6XC7E3E;
				ENABLE_APP_SANDBOX = NO;
				ENABLE_HARDENED_RUNTIME = YES;
				ENABLE_PREVIEWS = YES;
				GENERATE_INFOPLIST_FILE = YES;
				INFOPLIST_KEY_NSHumanReadableCopyright = "";
				LD_RUNPATH_SEARCH_PATHS = (
					"$(inherited)",
					"@executable_path/../Frameworks",
				);
				MARKETING_VERSION = 1.0;
				PRODUCT_BUNDLE_IDENTIFIER = com.jamesmcgrogan.ARM64Learn;
				PRODUCT_NAME = "$(TARGET_NAME)";
				REGISTER_APP_GROUPS = YES;
				STRING_CATALOG_GENERATE_SYMBOLS = YES;
				SWIFT_APPROACHABLE_CONCURRENCY = YES;
				SWIFT_DEFAULT_ACTOR_ISOLATION = MainActor;
				SWIFT_EMIT_LOC_STRINGS = YES;
				SWIFT_UPCOMING_FEATURE_MEMBER_IMPORT_VISIBILITY = YES;
				SWIFT_VERSION = 5.0;
			};
			name = Debug;
		};
		0F47D56E2F54897D009CCA90 /* Release */ = {
			isa = XCBuildConfiguration;
			buildSettings = {
				ASSETCATALOG_COMPILER_APPICON_NAME = AppIcon;
				ASSETCATALOG_COMPILER_GLOBAL_ACCENT_COLOR_NAME = AccentColor;
				CODE_SIGN_STYLE = Automatic;
				COMBINE_HIDPI_IMAGES = YES;
				CURRENT_PROJECT_VERSION = 1;
				DEAD_CODE_STRIPPING = YES;
				DEVELOPMENT_TEAM = 4EZ6XC7E3E;
				ENABLE_APP_SANDBOX = NO;
				ENABLE_HARDENED_RUNTIME = YES;
				ENABLE_PREVIEWS = YES;
				GENERATE_INFOPLIST_FILE = YES;
				INFOPLIST_KEY_NSHumanReadableCopyright = "";
				LD_RUNPATH_SEARCH_PATHS = (
					"$(inherited)",
					"@executable_path/../Frameworks",
				);
				MARKETING_VERSION = 1.0;
				PRODUCT_BUNDLE_IDENTIFIER = com.jamesmcgrogan.ARM64Learn;
				PRODUCT_NAME = "$(TARGET_NAME)";
				REGISTER_APP_GROUPS = YES;
				STRING_CATALOG_GENERATE_SYMBOLS = YES;
				SWIFT_APPROACHABLE_CONCURRENCY = YES;
				SWIFT_DEFAULT_ACTOR_ISOLATION = MainActor;
				SWIFT_EMIT_LOC_STRINGS = YES;
				SWIFT_UPCOMING_FEATURE_MEMBER_IMPORT_VISIBILITY = YES;
				SWIFT_VERSION = 5.0;
			};
			name = Release;
		};
		0F47D5702F54897D009CCA90 /* Debug */ = {
			isa = XCBuildConfiguration;
			buildSettings = {
				BUNDLE_LOADER = "$(TEST_HOST)";
				CODE_SIGN_STYLE = Automatic;
				CURRENT_PROJECT_VERSION = 1;
				DEAD_CODE_STRIPPING = YES;
				DEVELOPMENT_TEAM = 4EZ6XC7E3E;
				GENERATE_INFOPLIST_FILE = YES;
				MACOSX_DEPLOYMENT_TARGET = 26.2;
				MARKETING_VERSION = 1.0;
				PRODUCT_BUNDLE_IDENTIFIER = com.jamesmcgrogan.ARM64LearnTests;
				PRODUCT_NAME = "$(TARGET_NAME)";
				STRING_CATALOG_GENERATE_SYMBOLS = NO;
				SWIFT_APPROACHABLE_CONCURRENCY = YES;
				SWIFT_EMIT_LOC_STRINGS = NO;
				SWIFT_UPCOMING_FEATURE_MEMBER_IMPORT_VISIBILITY = YES;
				SWIFT_VERSION = 5.0;
				TEST_HOST = "$(BUILT_PRODUCTS_DIR)/ARM64Learn.app/$(BUNDLE_EXECUTABLE_FOLDER_PATH)/ARM64Learn";
			};
			name = Debug;
		};
		0F47D5712F54897D009CCA90 /* Release */ = {
			isa = XCBuildConfiguration;
			buildSettings = {
				BUNDLE_LOADER = "$(TEST_HOST)";
				CODE_SIGN_STYLE = Automatic;
				CURRENT_PROJECT_VERSION = 1;
				DEAD_CODE_STRIPPING = YES;
				DEVELOPMENT_TEAM = 4EZ6XC7E3E;
				GENERATE_INFOPLIST_FILE = YES;
				MACOSX_DEPLOYMENT_TARGET = 26.2;
				MARKETING_VERSION = 1.0;
				PRODUCT_BUNDLE_IDENTIFIER = com.jamesmcgrogan.ARM64LearnTests;
				PRODUCT_NAME = "$(TARGET_NAME)";
				STRING_CATALOG_GENERATE_SYMBOLS = NO;
				SWIFT_APPROACHABLE_CONCURRENCY = YES;
				SWIFT_EMIT_LOC_STRINGS = NO;
				SWIFT_UPCOMING_FEATURE_MEMBER_IMPORT_VISIBILITY = YES;
				SWIFT_VERSION = 5.0;
				TEST_HOST = "$(BUILT_PRODUCTS_DIR)/ARM64Learn.app/$(BUNDLE_EXECUTABLE_FOLDER_PATH)/ARM64Learn";
			};
			name = Release;
		};
		0F47D5732F54897D009CCA90 /* Debug */ = {
			isa = XCBuildConfiguration;
			buildSettings = {
				CODE_SIGN_STYLE = Automatic;
				CURRENT_PROJECT_VERSION = 1;
				DEAD_CODE_STRIPPING = YES;
				DEVELOPMENT_TEAM = 4EZ6XC7E3E;
				GENERATE_INFOPLIST_FILE = YES;
				MARKETING_VERSION = 1.0;
				PRODUCT_BUNDLE_IDENTIFIER = com.jamesmcgrogan.ARM64LearnUITests;
				PRODUCT_NAME = "$(TARGET_NAME)";
				STRING_CATALOG_GENERATE_SYMBOLS = NO;
				SWIFT_APPROACHABLE_CONCURRENCY = YES;
				SWIFT_EMIT_LOC_STRINGS = NO;
				SWIFT_UPCOMING_FEATURE_MEMBER_IMPORT_VISIBILITY = YES;
				SWIFT_VERSION = 5.0;
				TEST_TARGET_NAME = ARM64Learn;
			};
			name = Debug;
		};
		0F47D5742F54897D009CCA90 /* Release */ = {
			isa = XCBuildConfiguration;
			buildSettings = {
				CODE_SIGN_STYLE = Automatic;
				CURRENT_PROJECT_VERSION = 1;
				DEAD_CODE_STRIPPING = YES;
				DEVELOPMENT_TEAM = 4EZ6XC7E3E;
				GENERATE_INFOPLIST_FILE = YES;
				MARKETING_VERSION = 1.0;
				PRODUCT_BUNDLE_IDENTIFIER = com.jamesmcgrogan.ARM64LearnUITests;
				PRODUCT_NAME = "$(TARGET_NAME)";
				STRING_CATALOG_GENERATE_SYMBOLS = NO;
				SWIFT_APPROACHABLE_CONCURRENCY = YES;
				SWIFT_EMIT_LOC_STRINGS = NO;
				SWIFT_UPCOMING_FEATURE_MEMBER_IMPORT_VISIBILITY = YES;
				SWIFT_VERSION = 5.0;
				TEST_TARGET_NAME = ARM64Learn;
			};
			name = Release;
		};
/* End XCBuildConfiguration section */

/* Begin XCConfigurationList section */
		0F47D5462F54897B009CCA90 /* Build configuration list for PBXProject "ARM64Learn" */ = {
			isa = XCConfigurationList;
			buildConfigurations = (
				0F47D56A2F54897D009CCA90 /* Debug */,
				0F47D56B2F54897D009CCA90 /* Release */,
			);
			defaultConfigurationIsVisible = 0;
			defaultConfigurationName = Release;
		};
		0F47D56C2F54897D009CCA90 /* Build configuration list for PBXNativeTarget "ARM64Learn" */ = {
			isa = XCConfigurationList;
			buildConfigurations = (
				0F47D56D2F54897D009CCA90 /* Debug */,
				0F47D56E2F54897D009CCA90 /* Release */,
			);
			defaultConfigurationIsVisible = 0;
			defaultConfigurationName = Release;
		};
		0F47D56F2F54897D009CCA90 /* Build configuration list for PBXNativeTarget "ARM64LearnTests" */ = {
			isa = XCConfigurationList;
			buildConfigurations = (
				0F47D5702F54897D009CCA90 /* Debug */,
				0F47D5712F54897D009CCA90 /* Release */,
			);
			defaultConfigurationIsVisible = 0;
			defaultConfigurationName = Release;
		};
		0F47D5722F54897D009CCA90 /* Build configuration list for PBXNativeTarget "ARM64LearnUITests" */ = {
			isa = XCConfigurationList;
			buildConfigurations = (
				0F47D5732F54897D009CCA90 /* Debug */,
				0F47D5742F54897D009CCA90 /* Release */,
			);
			defaultConfigurationIsVisible = 0;
			defaultConfigurationName = Release;
		};
/* End XCConfigurationList section */
	};
	rootObject = 0F47D5432F54897B009CCA90 /* Project object */;
}
